
Microsoft Visual Studio Solution File, Format Version 12.00
# Visual Studio Version 17
VisualStudioVersion = 17.11.35303.130
MinimumVisualStudioVersion = 10.0.40219.1
Project("{2150E333-8FDC-42A3-9474-1A3956D46DE8}") = "Task0", "Task0", "{11019FF1-6291-4350-BDFF-57847EFC8C52}"
EndProject
Project("{9A19103F-16F7-4668-BE54-9A1E7A4F7556}") = "Tyuiu.DikanovAA.Sprint0.Task0.V0", "Tyuiu.DikanovAA.Sprint0.Task0.V0\Tyuiu.DikanovAA.Sprint0.Task0.V0.csproj", "{1C955B71-2FFD-4E5F-B9BA-3C66444FAB6A}"
EndProject
Project("{2150E333-8FDC-42A3-9474-1A3956D46DE8}") = "Task1", "Task1", "{0C640714-A0FB-4D8C-B4C7-E9D739010BEB}"
EndProject
Project("{9A19103F-16F7-4668-BE54-9A1E7A4F7556}") = "Tyuiu.DikanovAA.Sprint0.Task1.V0", "Tyuiu.DikanovAA.Sprint0.Task1.V0\Tyuiu.DikanovAA.Sprint0.Task1.V0.csproj", "{441AF53C-8C64-4C4C-8403-29C9E9AD1CA8}"
EndProject
Project("{2150E333-8FDC-42A3-9474-1A3956D46DE8}") = "Task2", "Task2", "{753D5567-D18A-4A9E-9074-38529166CE6A}"
EndProject
Project("{9A19103F-16F7-4668-BE54-9A1E7A4F7556}") = "Tyuiu.DikanovAA.Sprint0.Task2.V0", "Tyuiu.DikanovAA.Sprint0.Task2.V0\Tyuiu.DikanovAA.Sprint0.Task2.V0.csproj", "{091E4CA2-0D21-4217-BDD0-7AC42A4A8B22}"
EndProject
Project("{9A19103F-16F7-4668-BE54-9A1E7A4F7556}") = "Tyuiu.DikanovAA.Sprint0.Task2.V0.Lib", "Tyuiu.DikanovAA.Sprint0.Task2.V0.Lib\Tyuiu.DikanovAA.Sprint0.Task2.V0.Lib.csproj", "{3A309025-F528-4F28-B66C-562DBE487B4B}"
EndProject
Project("{9A19103F-16F7-4668-BE54-9A1E7A4F7556}") = "Tyuiu.DikanovAA.Sprint0.Task2.V0.Test", "Tyuiu.DikanovAA.Sprint0.Task2.V0.Test\Tyuiu.DikanovAA.Sprint0.Task2.V0.Test.csproj", "{CFF1DCA9-106C-49D2-82CC-7DA3A0D10674}"
EndProject
Project("{2150E333-8FDC-42A3-9474-1A3956D46DE8}") = "Task3", "Task3", "{F0A3E084-78A7-41FE-B80D-1329078D3838}"
EndProject
Project("{9A19103F-16F7-4668-BE54-9A1E7A4F7556}") = "Tyuiu.DikanovAA.Sprint0.Task3.V0", "Tyuiu.DikanovAA.Sprint0.Task3.V0\Tyuiu.DikanovAA.Sprint0.Task3.V0.csproj", "{C699957E-CFE3-4DB1-BBCB-367426C9B2F0}"
EndProject
Project("{9A19103F-16F7-4668-BE54-9A1E7A4F7556}") = "Tyuiu.DikanovAA.Sprint0.Task3.V0.Lib", "Tyuiu.DikanovAA.Sprint0.Task3.V0.Lib\Tyuiu.DikanovAA.Sprint0.Task3.V0.Lib.csproj", "{D3335EC8-802A-4EE0-B2B7-E56C22BFE7DB}"
EndProject
Project("{9A19103F-16F7-4668-BE54-9A1E7A4F7556}") = "Tyuiu.DikanovAA.Sprint0.Task3.V0.Test", "Tyuiu.DikanovAA.Sprint0.Task3.V0.Test\Tyuiu.DikanovAA.Sprint0.Task3.V0.Test.csproj", "{9565C42A-6902-4A60-8529-B104224C722D}"
EndProject
Project("{2150E333-8FDC-42A3-9474-1A3956D46DE8}") = "Task4", "Task4", "{E424620D-A6F0-4A3B-9F83-691407775FDE}"
EndProject
Project("{9A19103F-16F7-4668-BE54-9A1E7A4F7556}") = "Tyuiu.DikanovAA.Sprint0.Task4.V0.", "Tyuiu.DikanovAA.Sprint0.Task4.V0\Tyuiu.DikanovAA.Sprint0.Task4.V0..csproj", "{362693F6-3A38-432C-BBA7-E59E757263A4}"
EndProject
Project("{9A19103F-16F7-4668-BE54-9A1E7A4F7556}") = "Tyuiu.DikanovAA.Sprint0.Task4.V0.Lib", "Tyuiu.DikanovAA.Sprint0.Task4.V0.Lib\Tyuiu.DikanovAA.Sprint0.Task4.V0.Lib.csproj", "{1ED7F3D7-2022-4879-8937-676B6AE0D824}"
EndProject
Project("{9A19103F-16F7-4668-BE54-9A1E7A4F7556}") = "Tyuiu.DikanovAA.Sprint0.Task4.V0.Test", "Tyuiu.DikanovAA.Sprint0.Task4.V0.Test\Tyuiu.DikanovAA.Sprint0.Task4.V0.Test.csproj", "{41E7999F-044F-4A27-9196-7FC49BC4163D}"
EndProject
Project("{2150E333-8FDC-42A3-9474-1A3956D46DE8}") = "Task5", "Task5", "{5B0C1F83-2980-465F-A9B2-289F76AEFFA8}"
EndProject
Project("{9A19103F-16F7-4668-BE54-9A1E7A4F7556}") = "Tyuiu.DikanovAA.Sprint0.Task5.V0", "Tyuiu.DikanovAA.Sprint0.Task5.V0\Tyuiu.DikanovAA.Sprint0.Task5.V0.csproj", "{4941EB19-9962-4D8C-B733-4781BA036D06}"
EndProject
Project("{9A19103F-16F7-4668-BE54-9A1E7A4F7556}") = "Tyuiu.DikanovAA.Sprint0.Task5.V0.Lib", "Tyuiu.DikanovAA.Sprint0.Task5.V0.Lib\Tyuiu.DikanovAA.Sprint0.Task5.V0.Lib.csproj", "{57631361-5002-4B0A-9246-D1DAFEA46D50}"
EndProject
Project("{9A19103F-16F7-4668-BE54-9A1E7A4F7556}") = "Tyuiu.DikanovAA.Sprint0.Task5.V0.Test", "Tyuiu.DikanovAA.Sprint0.Task5.V0.Test\Tyuiu.DikanovAA.Sprint0.Task5.V0.Test.csproj", "{5A056116-D671-4545-ACD9-0928088173DB}"
EndProject
Project("{2150E333-8FDC-42A3-9474-1A3956D46DE8}") = "Task6", "Task6", "{12FA3C47-8ED8-407F-9FC8-6BAD20332056}"
EndProject
Project("{FAE04EC0-301F-11D3-BF4B-00C04F79EFBC}") = "Tyuiu.DikanovAA.Sprint0.Task6.V0", "Tyuiu.DikanovAA.Sprint0.Task6.V0\Tyuiu.DikanovAA.Sprint0.Task6.V0.csproj", "{5022EA3D-C81D-456A-98DA-02F801303245}"
EndProject
Project("{FAE04EC0-301F-11D3-BF4B-00C04F79EFBC}") = "Tyuiu.DikanovAA.Sprint0.Task6.V0.Lib", "Tyuiu.DikanovAA.Sprint0.Task6.V0.Lib\Tyuiu.DikanovAA.Sprint0.Task6.V0.Lib.csproj", "{0F4DCF8E-887F-4D12-9B3B-73316ACE237A}"
EndProject
Project("{FAE04EC0-301F-11D3-BF4B-00C04F79EFBC}") = "Tyuiu.DikanovAA.Sprint0.Task6.V0.Test", "Tyuiu.DikanovAA.Sprint0.Task6.V0.Test\Tyuiu.DikanovAA.Sprint0.Task6.V0.Test.csproj", "{11ADFAEE-E897-4E57-AD89-E91DB9D7BD49}"
EndProject
Global
	GlobalSection(SolutionConfigurationPlatforms) = preSolution
		Debug|Any CPU = Debug|Any CPU
		Release|Any CPU = Release|Any CPU
	EndGlobalSection
	GlobalSection(ProjectConfigurationPlatforms) = postSolution
		{1C955B71-2FFD-4E5F-B9BA-3C66444FAB6A}.Debug|Any CPU.ActiveCfg = Debug|Any CPU
		{1C955B71-2FFD-4E5F-B9BA-3C66444FAB6A}.Debug|Any CPU.Build.0 = Debug|Any CPU
		{1C955B71-2FFD-4E5F-B9BA-3C66444FAB6A}.Release|Any CPU.ActiveCfg = Release|Any CPU
		{1C955B71-2FFD-4E5F-B9BA-3C66444FAB6A}.Release|Any CPU.Build.0 = Release|Any CPU
		{441AF53C-8C64-4C4C-8403-29C9E9AD1CA8}.Debug|Any CPU.ActiveCfg = Debug|Any CPU
		{441AF53C-8C64-4C4C-8403-29C9E9AD1CA8}.Debug|Any CPU.Build.0 = Debug|Any CPU
		{441AF53C-8C64-4C4C-8403-29C9E9AD1CA8}.Release|Any CPU.ActiveCfg = Release|Any CPU
		{441AF53C-8C64-4C4C-8403-29C9E9AD1CA8}.Release|Any CPU.Build.0 = Release|Any CPU
		{091E4CA2-0D21-4217-BDD0-7AC42A4A8B22}.Debug|Any CPU.ActiveCfg = Debug|Any CPU
		{091E4CA2-0D21-4217-BDD0-7AC42A4A8B22}.Debug|Any CPU.Build.0 = Debug|Any CPU
		{091E4CA2-0D21-4217-BDD0-7AC42A4A8B22}.Release|Any CPU.ActiveCfg = Release|Any CPU
		{091E4CA2-0D21-4217-BDD0-7AC42A4A8B22}.Release|Any CPU.Build.0 = Release|Any CPU
		{3A309025-F528-4F28-B66C-562DBE487B4B}.Debug|Any CPU.ActiveCfg = Debug|Any CPU
		{3A309025-F528-4F28-B66C-562DBE487B4B}.Debug|Any CPU.Build.0 = Debug|Any CPU
		{3A309025-F528-4F28-B66C-562DBE487B4B}.Release|Any CPU.ActiveCfg = Release|Any CPU
		{3A309025-F528-4F28-B66C-562DBE487B4B}.Release|Any CPU.Build.0 = Release|Any CPU
		{CFF1DCA9-106C-49D2-82CC-7DA3A0D10674}.Debug|Any CPU.ActiveCfg = Debug|Any CPU
		{CFF1DCA9-106C-49D2-82CC-7DA3A0D10674}.Debug|Any CPU.Build.0 = Debug|Any CPU
		{CFF1DCA9-106C-49D2-82CC-7DA3A0D10674}.Release|Any CPU.ActiveCfg = Release|Any CPU
		{CFF1DCA9-106C-49D2-82CC-7DA3A0D10674}.Release|Any CPU.Build.0 = Release|Any CPU
		{C699957E-CFE3-4DB1-BBCB-367426C9B2F0}.Debug|Any CPU.ActiveCfg = Debug|Any CPU
		{C699957E-CFE3-4DB1-BBCB-367426C9B2F0}.Debug|Any CPU.Build.0 = Debug|Any CPU
		{C699957E-CFE3-4DB1-BBCB-367426C9B2F0}.Release|Any CPU.ActiveCfg = Release|Any CPU
		{C699957E-CFE3-4DB1-BBCB-367426C9B2F0}.Release|Any CPU.Build.0 = Release|Any CPU
		{D3335EC8-802A-4EE0-B2B7-E56C22BFE7DB}.Debug|Any CPU.ActiveCfg = Debug|Any CPU
		{D3335EC8-802A-4EE0-B2B7-E56C22BFE7DB}.Debug|Any CPU.Build.0 = Debug|Any CPU
		{D3335EC8-802A-4EE0-B2B7-E56C22BFE7DB}.Release|Any CPU.ActiveCfg = Release|Any CPU
		{D3335EC8-802A-4EE0-B2B7-E56C22BFE7DB}.Release|Any CPU.Build.0 = Release|Any CPU
		{9565C42A-6902-4A60-8529-B104224C722D}.Debug|Any CPU.ActiveCfg = Debug|Any CPU
		{9565C42A-6902-4A60-8529-B104224C722D}.Debug|Any CPU.Build.0 = Debug|Any CPU
		{9565C42A-6902-4A60-8529-B104224C722D}.Release|Any CPU.ActiveCfg = Release|Any CPU
		{9565C42A-6902-4A60-8529-B104224C722D}.Release|Any CPU.Build.0 = Release|Any CPU
		{362693F6-3A38-432C-BBA7-E59E757263A4}.Debug|Any CPU.ActiveCfg = Debug|Any CPU
		{362693F6-3A38-432C-BBA7-E59E757263A4}.Debug|Any CPU.Build.0 = Debug|Any CPU
		{362693F6-3A38-432C-BBA7-E59E757263A4}.Release|Any CPU.ActiveCfg = Release|Any CPU
		{362693F6-3A38-432C-BBA7-E59E757263A4}.Release|Any CPU.Build.0 = Release|Any CPU
		{1ED7F3D7-2022-4879-8937-676B6AE0D824}.Debug|Any CPU.ActiveCfg = Debug|Any CPU
		{1ED7F3D7-2022-4879-8937-676B6AE0D824}.Debug|Any CPU.Build.0 = Debug|Any CPU
		{1ED7F3D7-2022-4879-8937-676B6AE0D824}.Release|Any CPU.ActiveCfg = Release|Any CPU
		{1ED7F3D7-2022-4879-8937-676B6AE0D824}.Release|Any CPU.Build.0 = Release|Any CPU
		{41E7999F-044F-4A27-9196-7FC49BC4163D}.Debug|Any CPU.ActiveCfg = Debug|Any CPU
		{41E7999F-044F-4A27-9196-7FC49BC4163D}.Debug|Any CPU.Build.0 = Debug|Any CPU
		{41E7999F-044F-4A27-9196-7FC49BC4163D}.Release|Any CPU.ActiveCfg = Release|Any CPU
		{41E7999F-044F-4A27-9196-7FC49BC4163D}.Release|Any CPU.Build.0 = Release|Any CPU
		{4941EB19-9962-4D8C-B733-4781BA036D06}.Debug|Any CPU.ActiveCfg = Debug|Any CPU
		{4941EB19-9962-4D8C-B733-4781BA036D06}.Debug|Any CPU.Build.0 = Debug|Any CPU
		{4941EB19-9962-4D8C-B733-4781BA036D06}.Release|Any CPU.ActiveCfg = Release|Any CPU
		{4941EB19-9962-4D8C-B733-4781BA036D06}.Release|Any CPU.Build.0 = Release|Any CPU
		{57631361-5002-4B0A-9246-D1DAFEA46D50}.Debug|Any CPU.ActiveCfg = Debug|Any CPU
		{57631361-5002-4B0A-9246-D1DAFEA46D50}.Debug|Any CPU.Build.0 = Debug|Any CPU
		{57631361-5002-4B0A-9246-D1DAFEA46D50}.Release|Any CPU.ActiveCfg = Release|Any CPU
		{57631361-5002-4B0A-9246-D1DAFEA46D50}.Release|Any CPU.Build.0 = Release|Any CPU
		{5A056116-D671-4545-ACD9-0928088173DB}.Debug|Any CPU.ActiveCfg = Debug|Any CPU
		{5A056116-D671-4545-ACD9-0928088173DB}.Debug|Any CPU.Build.0 = Debug|Any CPU
		{5A056116-D671-4545-ACD9-0928088173DB}.Release|Any CPU.ActiveCfg = Release|Any CPU
		{5A056116-D671-4545-ACD9-0928088173DB}.Release|Any CPU.Build.0 = Release|Any CPU
		{5022EA3D-C81D-456A-98DA-02F801303245}.Debug|Any CPU.ActiveCfg = Debug|Any CPU
		{5022EA3D-C81D-456A-98DA-02F801303245}.Debug|Any CPU.Build.0 = Debug|Any CPU
		{5022EA3D-C81D-456A-98DA-02F801303245}.Release|Any CPU.ActiveCfg = Release|Any CPU
		{5022EA3D-C81D-456A-98DA-02F801303245}.Release|Any CPU.Build.0 = Release|Any CPU
		{0F4DCF8E-887F-4D12-9B3B-73316ACE237A}.Debug|Any CPU.ActiveCfg = Debug|Any CPU
		{0F4DCF8E-887F-4D12-9B3B-73316ACE237A}.Debug|Any CPU.Build.0 = Debug|Any CPU
		{0F4DCF8E-887F-4D12-9B3B-73316ACE237A}.Release|Any CPU.ActiveCfg = Release|Any CPU
		{0F4DCF8E-887F-4D12-9B3B-73316ACE237A}.Release|Any CPU.Build.0 = Release|Any CPU
		{11ADFAEE-E897-4E57-AD89-E91DB9D7BD49}.Debug|Any CPU.ActiveCfg = Debug|Any CPU
		{11ADFAEE-E897-4E57-AD89-E91DB9D7BD49}.Debug|Any CPU.Build.0 = Debug|Any CPU
		{11ADFAEE-E897-4E57-AD89-E91DB9D7BD49}.Release|Any CPU.ActiveCfg = Release|Any CPU
		{11ADFAEE-E897-4E57-AD89-E91DB9D7BD49}.Release|Any CPU.Build.0 = Release|Any CPU
	EndGlobalSection
	GlobalSection(SolutionProperties) = preSolution
		HideSolutionNode = FALSE
	EndGlobalSection
	GlobalSection(NestedProjects) = preSolution
		{1C955B71-2FFD-4E5F-B9BA-3C66444FAB6A} = {11019FF1-6291-4350-BDFF-57847EFC8C52}
		{441AF53C-8C64-4C4C-8403-29C9E9AD1CA8} = {0C640714-A0FB-4D8C-B4C7-E9D739010BEB}
		{091E4CA2-0D21-4217-BDD0-7AC42A4A8B22} = {753D5567-D18A-4A9E-9074-38529166CE6A}
		{3A309025-F528-4F28-B66C-562DBE487B4B} = {753D5567-D18A-4A9E-9074-38529166CE6A}
		{CFF1DCA9-106C-49D2-82CC-7DA3A0D10674} = {753D5567-D18A-4A9E-9074-38529166CE6A}
		{C699957E-CFE3-4DB1-BBCB-367426C9B2F0} = {F0A3E084-78A7-41FE-B80D-1329078D3838}
		{D3335EC8-802A-4EE0-B2B7-E56C22BFE7DB} = {F0A3E084-78A7-41FE-B80D-1329078D3838}
		{9565C42A-6902-4A60-8529-B104224C722D} = {F0A3E084-78A7-41FE-B80D-1329078D3838}
		{362693F6-3A38-432C-BBA7-E59E757263A4} = {E424620D-A6F0-4A3B-9F83-691407775FDE}
		{1ED7F3D7-2022-4879-8937-676B6AE0D824} = {E424620D-A6F0-4A3B-9F83-691407775FDE}
		{41E7999F-044F-4A27-9196-7FC49BC4163D} = {E424620D-A6F0-4A3B-9F83-691407775FDE}
		{4941EB19-9962-4D8C-B733-4781BA036D06} = {5B0C1F83-2980-465F-A9B2-289F76AEFFA8}
		{57631361-5002-4B0A-9246-D1DAFEA46D50} = {5B0C1F83-2980-465F-A9B2-289F76AEFFA8}
		{5A056116-D671-4545-ACD9-0928088173DB} = {5B0C1F83-2980-465F-A9B2-289F76AEFFA8}
		{5022EA3D-C81D-456A-98DA-02F801303245} = {12FA3C47-8ED8-407F-9FC8-6BAD20332056}
		{0F4DCF8E-887F-4D12-9B3B-73316ACE237A} = {12FA3C47-8ED8-407F-9FC8-6BAD20332056}
		{11ADFAEE-E897-4E57-AD89-E91DB9D7BD49} = {12FA3C47-8ED8-407F-9FC8-6BAD20332056}
	EndGlobalSection
	GlobalSection(ExtensibilityGlobals) = postSolution
		SolutionGuid = {6550BC31-C203-4A0A-9427-1B3E506015C9}
	EndGlobalSection
EndGlobal
